
Microsoft Visual Studio Solution File, Format Version 12.00
# Visual Studio 2013
VisualStudioVersion = 12.0.31101.0
MinimumVisualStudioVersion = 10.0.40219.1
Project("{FAE04EC0-301F-11D3-BF4B-00C04F79EFBC}") = "SkyMod.RemoteConsole.Host", "SkyMod.RemoteConsole.Host\SkyMod.RemoteConsole.Host.csproj", "{176A8F2B-47EF-43E8-8ABD-D44E12C782E0}"
EndProject
Project("{FAE04EC0-301F-11D3-BF4B-00C04F79EFBC}") = "SkyMod.RemoteConsole.Client", "SkyMod.RemoteConsole.Client\SkyMod.RemoteConsole.Client.csproj", "{E49402CA-341F-4BE4-870A-A78B44FD4905}"
EndProject
Project("{FAE04EC0-301F-11D3-BF4B-00C04F79EFBC}") = "SkyMod.RemoteConsole.TestCSPlugin", "SkyMod.RemoteConsole.TestCSPlugin\SkyMod.RemoteConsole.TestCSPlugin.csproj", "{A7D2BA66-F807-4043-B9E0-A7CAB77B5BB8}"
EndProject
Global
	GlobalSection(SolutionConfigurationPlatforms) = preSolution
		Debug|Any CPU = Debug|Any CPU
		Release|Any CPU = Release|Any CPU
	EndGlobalSection
	GlobalSection(ProjectConfigurationPlatforms) = postSolution
		{176A8F2B-47EF-43E8-8ABD-D44E12C782E0}.Debug|Any CPU.ActiveCfg = Debug|Any CPU
		{176A8F2B-47EF-43E8-8ABD-D44E12C782E0}.Debug|Any CPU.Build.0 = Debug|Any CPU
		{176A8F2B-47EF-43E8-8ABD-D44E12C782E0}.Release|Any CPU.ActiveCfg = Release|Any CPU
		{176A8F2B-47EF-43E8-8ABD-D44E12C782E0}.Release|Any CPU.Build.0 = Release|Any CPU
		{E49402CA-341F-4BE4-870A-A78B44FD4905}.Debug|Any CPU.ActiveCfg = Debug|Any CPU
		{E49402CA-341F-4BE4-870A-A78B44FD4905}.Debug|Any CPU.Build.0 = Debug|Any CPU
		{E49402CA-341F-4BE4-870A-A78B44FD4905}.Release|Any CPU.ActiveCfg = Release|Any CPU
		{E49402CA-341F-4BE4-870A-A78B44FD4905}.Release|Any CPU.Build.0 = Release|Any CPU
		{A7D2BA66-F807-4043-B9E0-A7CAB77B5BB8}.Debug|Any CPU.ActiveCfg = Debug|Any CPU
		{A7D2BA66-F807-4043-B9E0-A7CAB77B5BB8}.Debug|Any CPU.Build.0 = Debug|Any CPU
		{A7D2BA66-F807-4043-B9E0-A7CAB77B5BB8}.Release|Any CPU.ActiveCfg = Release|Any CPU
		{A7D2BA66-F807-4043-B9E0-A7CAB77B5BB8}.Release|Any CPU.Build.0 = Release|Any CPU
	EndGlobalSection
	GlobalSection(SolutionProperties) = preSolution
		HideSolutionNode = FALSE
	EndGlobalSection
EndGlobal
